
Microsoft Visual Studio Solution File, Format Version 12.00
# Visual Studio 15
VisualStudioVersion = 15.0.28307.1684
MinimumVisualStudioVersion = 10.0.40219.1
Project("{FAE04EC0-301F-11D3-BF4B-00C04F79EFBC}") = "Buchstabenkiste", "Buchstabenkiste\Buchstabenkiste.csproj", "{B6E72BC9-A6D8-48A5-90A9-B1C80AF96DE0}"
EndProject
Global
	GlobalSection(SolutionConfigurationPlatforms) = preSolution
		Debug|Any CPU = Debug|Any CPU
		Release|Any CPU = Release|Any CPU
	EndGlobalSection
	GlobalSection(ProjectConfigurationPlatforms) = postSolution
		{B6E72BC9-A6D8-48A5-90A9-B1C80AF96DE0}.Debug|Any CPU.ActiveCfg = Debug|Any CPU
		{B6E72BC9-A6D8-48A5-90A9-B1C80AF96DE0}.Debug|Any CPU.Build.0 = Debug|Any CPU
		{B6E72BC9-A6D8-48A5-90A9-B1C80AF96DE0}.Release|Any CPU.ActiveCfg = Release|Any CPU
		{B6E72BC9-A6D8-48A5-90A9-B1C80AF96DE0}.Release|Any CPU.Build.0 = Release|Any CPU
	EndGlobalSection
	GlobalSection(SolutionProperties) = preSolution
		HideSolutionNode = FALSE
	EndGlobalSection
	GlobalSection(ExtensibilityGlobals) = postSolution
		SolutionGuid = {0C29CE4E-4D2D-4769-A075-07607288EB7F}
	EndGlobalSection
EndGlobal
